
Microsoft Visual Studio Solution File, Format Version 12.00
# Visual Studio Version 17
VisualStudioVersion = 17.0.31903.59
MinimumVisualStudioVersion = 10.0.40219.1
Project("{FAE04EC0-301F-11D3-BF4B-00C04F79EFBC}") = "API", "API\API.csproj", "{BF944F97-E474-4EA5-B07C-894482A1F318}"
EndProject
Project("{FAE04EC0-301F-11D3-BF4B-00C04F79EFBC}") = "Application", "Application\Application.csproj", "{85EEF32C-0FD5-4048-A86C-1AEA4B6E0E31}"
EndProject
Project("{FAE04EC0-301F-11D3-BF4B-00C04F79EFBC}") = "Domain", "Domain\Domain.csproj", "{732B4ECB-A23E-4797-9E33-241B28BC39A5}"
EndProject
Project("{FAE04EC0-301F-11D3-BF4B-00C04F79EFBC}") = "Persistence", "Persistence\Persistence.csproj", "{D059AE41-5B0C-4EBF-9C32-71BAC3FCE245}"
EndProject
Global
	GlobalSection(SolutionConfigurationPlatforms) = preSolution
		Debug|Any CPU = Debug|Any CPU
		Debug|x64 = Debug|x64
		Debug|x86 = Debug|x86
		Release|Any CPU = Release|Any CPU
		Release|x64 = Release|x64
		Release|x86 = Release|x86
	EndGlobalSection
	GlobalSection(ProjectConfigurationPlatforms) = postSolution
		{BF944F97-E474-4EA5-B07C-894482A1F318}.Debug|Any CPU.ActiveCfg = Debug|Any CPU
		{BF944F97-E474-4EA5-B07C-894482A1F318}.Debug|Any CPU.Build.0 = Debug|Any CPU
		{BF944F97-E474-4EA5-B07C-894482A1F318}.Debug|x64.ActiveCfg = Debug|Any CPU
		{BF944F97-E474-4EA5-B07C-894482A1F318}.Debug|x64.Build.0 = Debug|Any CPU
		{BF944F97-E474-4EA5-B07C-894482A1F318}.Debug|x86.ActiveCfg = Debug|Any CPU
		{BF944F97-E474-4EA5-B07C-894482A1F318}.Debug|x86.Build.0 = Debug|Any CPU
		{BF944F97-E474-4EA5-B07C-894482A1F318}.Release|Any CPU.ActiveCfg = Release|Any CPU
		{BF944F97-E474-4EA5-B07C-894482A1F318}.Release|Any CPU.Build.0 = Release|Any CPU
		{BF944F97-E474-4EA5-B07C-894482A1F318}.Release|x64.ActiveCfg = Release|Any CPU
		{BF944F97-E474-4EA5-B07C-894482A1F318}.Release|x64.Build.0 = Release|Any CPU
		{BF944F97-E474-4EA5-B07C-894482A1F318}.Release|x86.ActiveCfg = Release|Any CPU
		{BF944F97-E474-4EA5-B07C-894482A1F318}.Release|x86.Build.0 = Release|Any CPU
		{85EEF32C-0FD5-4048-A86C-1AEA4B6E0E31}.Debug|Any CPU.ActiveCfg = Debug|Any CPU
		{85EEF32C-0FD5-4048-A86C-1AEA4B6E0E31}.Debug|Any CPU.Build.0 = Debug|Any CPU
		{85EEF32C-0FD5-4048-A86C-1AEA4B6E0E31}.Debug|x64.ActiveCfg = Debug|Any CPU
		{85EEF32C-0FD5-4048-A86C-1AEA4B6E0E31}.Debug|x64.Build.0 = Debug|Any CPU
		{85EEF32C-0FD5-4048-A86C-1AEA4B6E0E31}.Debug|x86.ActiveCfg = Debug|Any CPU
		{85EEF32C-0FD5-4048-A86C-1AEA4B6E0E31}.Debug|x86.Build.0 = Debug|Any CPU
		{85EEF32C-0FD5-4048-A86C-1AEA4B6E0E31}.Release|Any CPU.ActiveCfg = Release|Any CPU
		{85EEF32C-0FD5-4048-A86C-1AEA4B6E0E31}.Release|Any CPU.Build.0 = Release|Any CPU
		{85EEF32C-0FD5-4048-A86C-1AEA4B6E0E31}.Release|x64.ActiveCfg = Release|Any CPU
		{85EEF32C-0FD5-4048-A86C-1AEA4B6E0E31}.Release|x64.Build.0 = Release|Any CPU
		{85EEF32C-0FD5-4048-A86C-1AEA4B6E0E31}.Release|x86.ActiveCfg = Release|Any CPU
		{85EEF32C-0FD5-4048-A86C-1AEA4B6E0E31}.Release|x86.Build.0 = Release|Any CPU
		{732B4ECB-A23E-4797-9E33-241B28BC39A5}.Debug|Any CPU.ActiveCfg = Debug|Any CPU
		{732B4ECB-A23E-4797-9E33-241B28BC39A5}.Debug|Any CPU.Build.0 = Debug|Any CPU
		{732B4ECB-A23E-4797-9E33-241B28BC39A5}.Debug|x64.ActiveCfg = Debug|Any CPU
		{732B4ECB-A23E-4797-9E33-241B28BC39A5}.Debug|x64.Build.0 = Debug|Any CPU
		{732B4ECB-A23E-4797-9E33-241B28BC39A5}.Debug|x86.ActiveCfg = Debug|Any CPU
		{732B4ECB-A23E-4797-9E33-241B28BC39A5}.Debug|x86.Build.0 = Debug|Any CPU
		{732B4ECB-A23E-4797-9E33-241B28BC39A5}.Release|Any CPU.ActiveCfg = Release|Any CPU
		{732B4ECB-A23E-4797-9E33-241B28BC39A5}.Release|Any CPU.Build.0 = Release|Any CPU
		{732B4ECB-A23E-4797-9E33-241B28BC39A5}.Release|x64.ActiveCfg = Release|Any CPU
		{732B4ECB-A23E-4797-9E33-241B28BC39A5}.Release|x64.Build.0 = Release|Any CPU
		{732B4ECB-A23E-4797-9E33-241B28BC39A5}.Release|x86.ActiveCfg = Release|Any CPU
		{732B4ECB-A23E-4797-9E33-241B28BC39A5}.Release|x86.Build.0 = Release|Any CPU
		{D059AE41-5B0C-4EBF-9C32-71BAC3FCE245}.Debug|Any CPU.ActiveCfg = Debug|Any CPU
		{D059AE41-5B0C-4EBF-9C32-71BAC3FCE245}.Debug|Any CPU.Build.0 = Debug|Any CPU
		{D059AE41-5B0C-4EBF-9C32-71BAC3FCE245}.Debug|x64.ActiveCfg = Debug|Any CPU
		{D059AE41-5B0C-4EBF-9C32-71BAC3FCE245}.Debug|x64.Build.0 = Debug|Any CPU
		{D059AE41-5B0C-4EBF-9C32-71BAC3FCE245}.Debug|x86.ActiveCfg = Debug|Any CPU
		{D059AE41-5B0C-4EBF-9C32-71BAC3FCE245}.Debug|x86.Build.0 = Debug|Any CPU
		{D059AE41-5B0C-4EBF-9C32-71BAC3FCE245}.Release|Any CPU.ActiveCfg = Release|Any CPU
		{D059AE41-5B0C-4EBF-9C32-71BAC3FCE245}.Release|Any CPU.Build.0 = Release|Any CPU
		{D059AE41-5B0C-4EBF-9C32-71BAC3FCE245}.Release|x64.ActiveCfg = Release|Any CPU
		{D059AE41-5B0C-4EBF-9C32-71BAC3FCE245}.Release|x64.Build.0 = Release|Any CPU
		{D059AE41-5B0C-4EBF-9C32-71BAC3FCE245}.Release|x86.ActiveCfg = Release|Any CPU
		{D059AE41-5B0C-4EBF-9C32-71BAC3FCE245}.Release|x86.Build.0 = Release|Any CPU
	EndGlobalSection
	GlobalSection(SolutionProperties) = preSolution
		HideSolutionNode = FALSE
	EndGlobalSection
EndGlobal
